
Microsoft Visual Studio Solution File, Format Version 12.00
# Visual Studio Version 17
VisualStudioVersion = 17.11.35327.3
MinimumVisualStudioVersion = 10.0.40219.1
Project("{FAE04EC0-301F-11D3-BF4B-00C04F79EFBC}") = "StudentManagement", "StudentManagement.csproj", "{D7598DAF-5AC6-4204-852F-EBBFD76017EB}"
EndProject
Global
	GlobalSection(SolutionConfigurationPlatforms) = preSolution
		Debug|Any CPU = Debug|Any CPU
		Release|Any CPU = Release|Any CPU
	EndGlobalSection
	GlobalSection(ProjectConfigurationPlatforms) = postSolution
		{D7598DAF-5AC6-4204-852F-EBBFD76017EB}.Debug|Any CPU.ActiveCfg = Debug|Any CPU
		{D7598DAF-5AC6-4204-852F-EBBFD76017EB}.Debug|Any CPU.Build.0 = Debug|Any CPU
		{D7598DAF-5AC6-4204-852F-EBBFD76017EB}.Release|Any CPU.ActiveCfg = Release|Any CPU
		{D7598DAF-5AC6-4204-852F-EBBFD76017EB}.Release|Any CPU.Build.0 = Release|Any CPU
	EndGlobalSection
	GlobalSection(SolutionProperties) = preSolution
		HideSolutionNode = FALSE
	EndGlobalSection
	GlobalSection(ExtensibilityGlobals) = postSolution
		SolutionGuid = {D530B5D6-330F-4E15-BE8A-EA07BCE7EC82}
	EndGlobalSection
EndGlobal
